
Microsoft Visual Studio Solution File, Format Version 12.00
# Visual Studio Version 16
VisualStudioVersion = 16.0.29926.136
MinimumVisualStudioVersion = 10.0.40219.1
Project("{FAE04EC0-301F-11D3-BF4B-00C04F79EFBC}") = "BannerlordTemplate", "BannerlordTemplate.csproj", "{C9B68C42-9443-4F2D-897B-022B9919FE42}"
EndProject
Global
	GlobalSection(SolutionConfigurationPlatforms) = preSolution
		Debug|Any CPU = Debug|Any CPU
		Release|Any CPU = Release|Any CPU
	EndGlobalSection
	GlobalSection(ProjectConfigurationPlatforms) = postSolution
		{C9B68C42-9443-4F2D-897B-022B9919FE42}.Debug|Any CPU.ActiveCfg = Debug|Any CPU
		{C9B68C42-9443-4F2D-897B-022B9919FE42}.Debug|Any CPU.Build.0 = Debug|Any CPU
		{C9B68C42-9443-4F2D-897B-022B9919FE42}.Release|Any CPU.ActiveCfg = Release|Any CPU
		{C9B68C42-9443-4F2D-897B-022B9919FE42}.Release|Any CPU.Build.0 = Release|Any CPU
	EndGlobalSection
	GlobalSection(SolutionProperties) = preSolution
		HideSolutionNode = FALSE
	EndGlobalSection
	GlobalSection(ExtensibilityGlobals) = postSolution
		SolutionGuid = {C1120DE4-1516-4B16-BAB5-FB69B8E5E519}
	EndGlobalSection
EndGlobal
